
Microsoft Visual Studio Solution File, Format Version 12.00
# Visual Studio Version 17
VisualStudioVersion = 17.0.31903.59
MinimumVisualStudioVersion = 10.0.40219.1
Project("{2150E333-8FDC-42A3-9474-1A3956D46DE8}") = "src", "src", "{827E0CD3-B72D-47B6-A68D-7590B98EB39B}"
EndProject
Project("{FAE04EC0-301F-11D3-BF4B-00C04F79EFBC}") = "Hagale.Domain", "src\Hagale.Domain\Hagale.Domain.csproj", "{32025A69-BBD0-414C-ADED-EEB0EA0F783F}"
EndProject
Project("{FAE04EC0-301F-11D3-BF4B-00C04F79EFBC}") = "Hagale.Application", "src\Hagale.Application\Hagale.Application.csproj", "{2D2D5A8F-DBE3-4D37-835C-88D934312E28}"
EndProject
Project("{FAE04EC0-301F-11D3-BF4B-00C04F79EFBC}") = "Hagale.Infrastructure", "src\Hagale.Infrastructure\Hagale.Infrastructure.csproj", "{58A7DB6A-42EF-4544-ACB3-2F83A5CEE5B7}"
EndProject
Project("{FAE04EC0-301F-11D3-BF4B-00C04F79EFBC}") = "Hagale.Api", "src\Hagale.Api\Hagale.Api.csproj", "{CE6E9C1F-30F0-4662-AFF8-9D912719DE6A}"
EndProject
Project("{2150E333-8FDC-42A3-9474-1A3956D46DE8}") = "tests", "tests", "{0AB3BF05-4346-4AA6-1389-037BE0695223}"
EndProject
Project("{FAE04EC0-301F-11D3-BF4B-00C04F79EFBC}") = "Hagale.Domain.Tests", "tests\Hagale.Domain.Tests\Hagale.Domain.Tests.csproj", "{E2A9789A-9369-4C75-9A87-5BF8DC8044B5}"
EndProject
Project("{FAE04EC0-301F-11D3-BF4B-00C04F79EFBC}") = "Hagale.Application.Tests", "tests\Hagale.Application.Tests\Hagale.Application.Tests.csproj", "{8C489876-7687-4CD4-9883-05C7D01E7A09}"
EndProject
Global
	GlobalSection(SolutionConfigurationPlatforms) = preSolution
		Debug|Any CPU = Debug|Any CPU
		Debug|x64 = Debug|x64
		Debug|x86 = Debug|x86
		Release|Any CPU = Release|Any CPU
		Release|x64 = Release|x64
		Release|x86 = Release|x86
	EndGlobalSection
	GlobalSection(ProjectConfigurationPlatforms) = postSolution
		{32025A69-BBD0-414C-ADED-EEB0EA0F783F}.Debug|Any CPU.ActiveCfg = Debug|Any CPU
		{32025A69-BBD0-414C-ADED-EEB0EA0F783F}.Debug|Any CPU.Build.0 = Debug|Any CPU
		{32025A69-BBD0-414C-ADED-EEB0EA0F783F}.Debug|x64.ActiveCfg = Debug|Any CPU
		{32025A69-BBD0-414C-ADED-EEB0EA0F783F}.Debug|x64.Build.0 = Debug|Any CPU
		{32025A69-BBD0-414C-ADED-EEB0EA0F783F}.Debug|x86.ActiveCfg = Debug|Any CPU
		{32025A69-BBD0-414C-ADED-EEB0EA0F783F}.Debug|x86.Build.0 = Debug|Any CPU
		{32025A69-BBD0-414C-ADED-EEB0EA0F783F}.Release|Any CPU.ActiveCfg = Release|Any CPU
		{32025A69-BBD0-414C-ADED-EEB0EA0F783F}.Release|Any CPU.Build.0 = Release|Any CPU
		{32025A69-BBD0-414C-ADED-EEB0EA0F783F}.Release|x64.ActiveCfg = Release|Any CPU
		{32025A69-BBD0-414C-ADED-EEB0EA0F783F}.Release|x64.Build.0 = Release|Any CPU
		{32025A69-BBD0-414C-ADED-EEB0EA0F783F}.Release|x86.ActiveCfg = Release|Any CPU
		{32025A69-BBD0-414C-ADED-EEB0EA0F783F}.Release|x86.Build.0 = Release|Any CPU
		{2D2D5A8F-DBE3-4D37-835C-88D934312E28}.Debug|Any CPU.ActiveCfg = Debug|Any CPU
		{2D2D5A8F-DBE3-4D37-835C-88D934312E28}.Debug|Any CPU.Build.0 = Debug|Any CPU
		{2D2D5A8F-DBE3-4D37-835C-88D934312E28}.Debug|x64.ActiveCfg = Debug|Any CPU
		{2D2D5A8F-DBE3-4D37-835C-88D934312E28}.Debug|x64.Build.0 = Debug|Any CPU
		{2D2D5A8F-DBE3-4D37-835C-88D934312E28}.Debug|x86.ActiveCfg = Debug|Any CPU
		{2D2D5A8F-DBE3-4D37-835C-88D934312E28}.Debug|x86.Build.0 = Debug|Any CPU
		{2D2D5A8F-DBE3-4D37-835C-88D934312E28}.Release|Any CPU.ActiveCfg = Release|Any CPU
		{2D2D5A8F-DBE3-4D37-835C-88D934312E28}.Release|Any CPU.Build.0 = Release|Any CPU
		{2D2D5A8F-DBE3-4D37-835C-88D934312E28}.Release|x64.ActiveCfg = Release|Any CPU
		{2D2D5A8F-DBE3-4D37-835C-88D934312E28}.Release|x64.Build.0 = Release|Any CPU
		{2D2D5A8F-DBE3-4D37-835C-88D934312E28}.Release|x86.ActiveCfg = Release|Any CPU
		{2D2D5A8F-DBE3-4D37-835C-88D934312E28}.Release|x86.Build.0 = Release|Any CPU
		{58A7DB6A-42EF-4544-ACB3-2F83A5CEE5B7}.Debug|Any CPU.ActiveCfg = Debug|Any CPU
		{58A7DB6A-42EF-4544-ACB3-2F83A5CEE5B7}.Debug|Any CPU.Build.0 = Debug|Any CPU
		{58A7DB6A-42EF-4544-ACB3-2F83A5CEE5B7}.Debug|x64.ActiveCfg = Debug|Any CPU
		{58A7DB6A-42EF-4544-ACB3-2F83A5CEE5B7}.Debug|x64.Build.0 = Debug|Any CPU
		{58A7DB6A-42EF-4544-ACB3-2F83A5CEE5B7}.Debug|x86.ActiveCfg = Debug|Any CPU
		{58A7DB6A-42EF-4544-ACB3-2F83A5CEE5B7}.Debug|x86.Build.0 = Debug|Any CPU
		{58A7DB6A-42EF-4544-ACB3-2F83A5CEE5B7}.Release|Any CPU.ActiveCfg = Release|Any CPU
		{58A7DB6A-42EF-4544-ACB3-2F83A5CEE5B7}.Release|Any CPU.Build.0 = Release|Any CPU
		{58A7DB6A-42EF-4544-ACB3-2F83A5CEE5B7}.Release|x64.ActiveCfg = Release|Any CPU
		{58A7DB6A-42EF-4544-ACB3-2F83A5CEE5B7}.Release|x64.Build.0 = Release|Any CPU
		{58A7DB6A-42EF-4544-ACB3-2F83A5CEE5B7}.Release|x86.ActiveCfg = Release|Any CPU
		{58A7DB6A-42EF-4544-ACB3-2F83A5CEE5B7}.Release|x86.Build.0 = Release|Any CPU
		{CE6E9C1F-30F0-4662-AFF8-9D912719DE6A}.Debug|Any CPU.ActiveCfg = Debug|Any CPU
		{CE6E9C1F-30F0-4662-AFF8-9D912719DE6A}.Debug|Any CPU.Build.0 = Debug|Any CPU
		{CE6E9C1F-30F0-4662-AFF8-9D912719DE6A}.Debug|x64.ActiveCfg = Debug|Any CPU
		{CE6E9C1F-30F0-4662-AFF8-9D912719DE6A}.Debug|x64.Build.0 = Debug|Any CPU
		{CE6E9C1F-30F0-4662-AFF8-9D912719DE6A}.Debug|x86.ActiveCfg = Debug|Any CPU
		{CE6E9C1F-30F0-4662-AFF8-9D912719DE6A}.Debug|x86.Build.0 = Debug|Any CPU
		{CE6E9C1F-30F0-4662-AFF8-9D912719DE6A}.Release|Any CPU.ActiveCfg = Release|Any CPU
		{CE6E9C1F-30F0-4662-AFF8-9D912719DE6A}.Release|Any CPU.Build.0 = Release|Any CPU
		{CE6E9C1F-30F0-4662-AFF8-9D912719DE6A}.Release|x64.ActiveCfg = Release|Any CPU
		{CE6E9C1F-30F0-4662-AFF8-9D912719DE6A}.Release|x64.Build.0 = Release|Any CPU
		{CE6E9C1F-30F0-4662-AFF8-9D912719DE6A}.Release|x86.ActiveCfg = Release|Any CPU
		{CE6E9C1F-30F0-4662-AFF8-9D912719DE6A}.Release|x86.Build.0 = Release|Any CPU
		{E2A9789A-9369-4C75-9A87-5BF8DC8044B5}.Debug|Any CPU.ActiveCfg = Debug|Any CPU
		{E2A9789A-9369-4C75-9A87-5BF8DC8044B5}.Debug|Any CPU.Build.0 = Debug|Any CPU
		{E2A9789A-9369-4C75-9A87-5BF8DC8044B5}.Debug|x64.ActiveCfg = Debug|Any CPU
		{E2A9789A-9369-4C75-9A87-5BF8DC8044B5}.Debug|x64.Build.0 = Debug|Any CPU
		{E2A9789A-9369-4C75-9A87-5BF8DC8044B5}.Debug|x86.ActiveCfg = Debug|Any CPU
		{E2A9789A-9369-4C75-9A87-5BF8DC8044B5}.Debug|x86.Build.0 = Debug|Any CPU
		{E2A9789A-9369-4C75-9A87-5BF8DC8044B5}.Release|Any CPU.ActiveCfg = Release|Any CPU
		{E2A9789A-9369-4C75-9A87-5BF8DC8044B5}.Release|Any CPU.Build.0 = Release|Any CPU
		{E2A9789A-9369-4C75-9A87-5BF8DC8044B5}.Release|x64.ActiveCfg = Release|Any CPU
		{E2A9789A-9369-4C75-9A87-5BF8DC8044B5}.Release|x64.Build.0 = Release|Any CPU
		{E2A9789A-9369-4C75-9A87-5BF8DC8044B5}.Release|x86.ActiveCfg = Release|Any CPU
		{E2A9789A-9369-4C75-9A87-5BF8DC8044B5}.Release|x86.Build.0 = Release|Any CPU
		{8C489876-7687-4CD4-9883-05C7D01E7A09}.Debug|Any CPU.ActiveCfg = Debug|Any CPU
		{8C489876-7687-4CD4-9883-05C7D01E7A09}.Debug|Any CPU.Build.0 = Debug|Any CPU
		{8C489876-7687-4CD4-9883-05C7D01E7A09}.Debug|x64.ActiveCfg = Debug|Any CPU
		{8C489876-7687-4CD4-9883-05C7D01E7A09}.Debug|x64.Build.0 = Debug|Any CPU
		{8C489876-7687-4CD4-9883-05C7D01E7A09}.Debug|x86.ActiveCfg = Debug|Any CPU
		{8C489876-7687-4CD4-9883-05C7D01E7A09}.Debug|x86.Build.0 = Debug|Any CPU
		{8C489876-7687-4CD4-9883-05C7D01E7A09}.Release|Any CPU.ActiveCfg = Release|Any CPU
		{8C489876-7687-4CD4-9883-05C7D01E7A09}.Release|Any CPU.Build.0 = Release|Any CPU
		{8C489876-7687-4CD4-9883-05C7D01E7A09}.Release|x64.ActiveCfg = Release|Any CPU
		{8C489876-7687-4CD4-9883-05C7D01E7A09}.Release|x64.Build.0 = Release|Any CPU
		{8C489876-7687-4CD4-9883-05C7D01E7A09}.Release|x86.ActiveCfg = Release|Any CPU
		{8C489876-7687-4CD4-9883-05C7D01E7A09}.Release|x86.Build.0 = Release|Any CPU
	EndGlobalSection
	GlobalSection(SolutionProperties) = preSolution
		HideSolutionNode = FALSE
	EndGlobalSection
	GlobalSection(NestedProjects) = preSolution
		{32025A69-BBD0-414C-ADED-EEB0EA0F783F} = {827E0CD3-B72D-47B6-A68D-7590B98EB39B}
		{2D2D5A8F-DBE3-4D37-835C-88D934312E28} = {827E0CD3-B72D-47B6-A68D-7590B98EB39B}
		{58A7DB6A-42EF-4544-ACB3-2F83A5CEE5B7} = {827E0CD3-B72D-47B6-A68D-7590B98EB39B}
		{CE6E9C1F-30F0-4662-AFF8-9D912719DE6A} = {827E0CD3-B72D-47B6-A68D-7590B98EB39B}
		{E2A9789A-9369-4C75-9A87-5BF8DC8044B5} = {0AB3BF05-4346-4AA6-1389-037BE0695223}
		{8C489876-7687-4CD4-9883-05C7D01E7A09} = {0AB3BF05-4346-4AA6-1389-037BE0695223}
	EndGlobalSection
EndGlobal
